{
  "name": "vidstow-frontend",
  "version": "0.0.0",
  "lockfileVersion": 3,
  "requires": true,
  "packages": {
    "": {
      "name": "vidstow-frontend",
      "version": "0.0.0",
      "dependencies": {
        "@fontsource-variable/geist": "^5.3.0",
        "@fontsource-variable/geist-mono": "^5.3.0"
      },
      "devDependencies": {
        "@sveltejs/vite-plugin-svelte": "^7.2.0",
        "@testing-library/jest-dom": "^7.0.1",
        "@testing-library/svelte": "^5.4.2",
        "@testing-library/user-event": "^14.6.3",
        "@tsconfig/svelte": "^5.0.4",
        "@types/node": "^26.2.0",
        "jsdom": "^29.1.1",
        "svelte": "^5.50.0",
        "svelte-check": "^4.4.0",
        "svelte-preprocess": "^6.0.3",
        "tslib": "^2.4.1",
        "typescript": "^5.6.3",
        "vite": "^8.0.0",
        "vitest": "^4.1.10"
      }
    },
    "node_modules/@adobe/css-tools": {
      "version": "4.5.0",
      "resolved": "https://registry.npmjs.org/@adobe/css-tools/-/css-tools-4.5.0.tgz",
      "integrity": "sha512-6OzddxPio9UiWTCemp4n8cYLV2ZN1ncRnV1cVGtve7dhPOtRkleRyx32GQCYSwDYgaHU3USMm84tNsvKzRCa1Q==",
      "dev": true,
      "license": "MIT"
    },
    "node_modules/@asamuzakjp/css-color": {
      "version": "5.1.11",
      "resolved": "https://registry.npmjs.org/@asamuzakjp/css-color/-/css-color-5.1.11.tgz",
      "integrity": "sha512-KVw6qIiCTUQhByfTd78h2yD1/00waTmm9uy/R7Ck/ctUyAPj+AEDLkQIdJW0T8+qGgj3j5bpNKK7Q3G+LedJWg==",
      "dev": true,
      "license": "MIT",
      "dependencies": {
        "@asamuzakjp/generational-cache": "^1.0.1",
        "@csstools/css-calc": "^3.2.0",
        "@csstools/css-color-parser": "^4.1.0",
        "@csstools/css-parser-algorithms": "^4.0.0",
        "@csstools/css-tokenizer": "^4.0.0"
      },
      "engines": {
        "node": "^20.19.0 || ^22.12.0 || >=24.0.0"
      }
    },
    "node_modules/@asamuzakjp/dom-selector": {
      "version": "7.1.1",
      "resolved": "https://registry.npmjs.org/@asamuzakjp/dom-selector/-/dom-selector-7.1.1.tgz",
      "integrity": "sha512-67RZDnYRc8H/8MLDgQCDE//zoqVFwajkepHZgmXrbwybzXOEwOWGPYGmALYl9J2DOLfFPPs6kKCqmbzV895hTQ==",
      "dev": true,
      "license": "MIT",
      "dependencies": {
        "@asamuzakjp/generational-cache": "^1.0.1",
        "@asamuzakjp/nwsapi": "^2.3.9",
        "bidi-js": "^1.0.3",
        "css-tree": "^3.2.1",
        "is-potential-custom-element-name": "^1.0.1"
      },
      "engines": {
        "node": "^20.19.0 || ^22.12.0 || >=24.0.0"
      }
    },
    "node_modules/@asamuzakjp/generational-cache": {
      "version": "1.0.1",
      "resolved": "https://registry.npmjs.org/@asamuzakjp/generational-cache/-/generational-cache-1.0.1.tgz",
      "integrity": "sha512-wajfB8KqzMCN2KGNFdLkReeHncd0AslUSrvHVvvYWuU8ghncRJoA50kT3zP9MVL0+9g4/67H+cdvBskj9THPzg==",
      "dev": true,
      "license": "MIT",
      "engines": {
        "node": "^20.19.0 || ^22.12.0 || >=24.0.0"
      }
    },
    "node_modules/@asamuzakjp/nwsapi": {
      "version": "2.3.9",
      "resolved": "https://registry.npmjs.org/@asamuzakjp/nwsapi/-/nwsapi-2.3.9.tgz",
      "integrity": "sha512-n8GuYSrI9bF7FFZ/SjhwevlHc8xaVlb/7HmHelnc/PZXBD2ZR49NnN9sMMuDdEGPeeRQ5d0hqlSlEpgCX3Wl0Q==",
      "dev": true,
      "license": "MIT"
    },
    "node_modules/@babel/code-frame": {
      "version": "7.29.7",
      "resolved": "https://registry.npmjs.org/@babel/code-frame/-/code-frame-7.29.7.tgz",
      "integrity": "sha512-Aup7aUOfpbAUg2ROOJN6Iw5f9DMBlzu0mIkm/malLQFN/YQgO48wCj0Kxa3sEHJvPVFg7siR+qRInwXd2qhQKw==",
      "dev": true,
      "license": "MIT",
      "dependencies": {
        "@babel/helper-validator-identifier": "^7.29.7",
        "js-tokens": "^4.0.0",
        "picocolors": "^1.1.1"
      },
      "engines": {
        "node": ">=6.9.0"
      }
    },
    "node_modules/@babel/helper-validator-identifier": {
      "version": "7.29.7",
      "resolved": "https://registry.npmjs.org/@babel/helper-validator-identifier/-/helper-validator-identifier-7.29.7.tgz",
      "integrity": "sha512-qehxGkRj55h/ff8EMaJ+cYhyaKlHIxqYDn682wQD7RNp9UujOQsHog2uS0r2vzr4pW+sXf90NeeayjcNaX3fFg==",
      "dev": true,
      "license": "MIT",
      "engines": {
        "node": ">=6.9.0"
      }
    },
    "node_modules/@babel/runtime": {
      "version": "7.29.7",
      "resolved": "https://registry.npmjs.org/@babel/runtime/-/runtime-7.29.7.tgz",
      "integrity": "sha512-Nq8OhGWiZIZGV6hLHoyAKLLcJihP/xFeBMGJoUrxTX2psI8dCifzLhZISFb+VWS3wFMRDmCGw5R+dOySCqPLhw==",
      "dev": true,
      "license": "MIT",
      "engines": {
        "node": ">=6.9.0"
      }
    },
    "node_modules/@bramus/specificity": {
      "version": "2.4.2",
      "resolved": "https://registry.npmjs.org/@bramus/specificity/-/specificity-2.4.2.tgz",
      "integrity": "sha512-ctxtJ/eA+t+6q2++vj5j7FYX3nRu311q1wfYH3xjlLOsczhlhxAg2FWNUXhpGvAw3BWo1xBcvOV6/YLc2r5FJw==",
      "dev": true,
      "license": "MIT",
      "dependencies": {
        "css-tree": "^3.0.0"
      },
      "bin": {
        "specificity": "bin/cli.js"
      }
    },
    "node_modules/@csstools/color-helpers": {
      "version": "6.1.0",
      "resolved": "https://registry.npmjs.org/@csstools/color-helpers/-/color-helpers-6.1.0.tgz",
      "integrity": "sha512-064IFJdjTfUqnjpCVpMOdbr8FLQBhinbZj6yRv2An2E41O/pLEXqfFRWqGq/SxlE5PEUYTlvWsG2r8MswAVvkg==",
      "dev": true,
      "funding": [
        {
          "type": "github",
          "url": "https://github.com/sponsors/csstools"
        },
        {
          "type": "opencollective",
          "url": "https://opencollective.com/csstools"
        }
      ],
      "license": "MIT-0",
      "engines": {
        "node": ">=20.19.0"
      }
    },
    "node_modules/@csstools/css-calc": {
      "version": "3.3.0",
      "resolved": "https://registry.npmjs.org/@csstools/css-calc/-/css-calc-3.3.0.tgz",
      "integrity": "sha512-c5ihYsPkdG6JCkU2zTMm4+k6r7RXuGxtWYhu5DHMIiF1FHzrfmHL5so11AoFpUv/tu61xfcmT4AmKoFfMPoqdQ==",
      "dev": true,
      "funding": [
        {
          "type": "github",
          "url": "https://github.com/sponsors/csstools"
        },
        {
          "type": "opencollective",
          "url": "https://opencollective.com/csstools"
        }
      ],
      "license": "MIT",
      "engines": {
        "node": ">=20.19.0"
      },
      "peerDependencies": {
        "@csstools/css-parser-algorithms": "^4.0.0",
        "@csstools/css-tokenizer": "^4.0.0"
      }
    },
    "node_modules/@csstools/css-color-parser": {
      "version": "4.1.10",
      "resolved": "https://registry.npmjs.org/@csstools/css-color-parser/-/css-color-parser-4.1.10.tgz",
      "integrity": "sha512-UZhQLIUyJaaMepqehrCODwCg2KW25vFvLWBmqYFaPclYvvxzj/sG8LBOhBFCp11i9uE7t1EyS+RAoV9tztPFyw==",
      "dev": true,
      "funding": [
        {
          "type": "github",
          "url": "https://github.com/sponsors/csstools"
        },
        {
          "type": "opencollective",
          "url": "https://opencollective.com/csstools"
        }
      ],
      "license": "MIT",
      "dependencies": {
        "@csstools/color-helpers": "^6.1.0",
        "@csstools/css-calc": "^3.3.0"
      },
      "engines": {
        "node": ">=20.19.0"
      },
      "peerDependencies": {
        "@csstools/css-parser-algorithms": "^4.0.0",
        "@csstools/css-tokenizer": "^4.0.0"
      }
    },
    "node_modules/@csstools/css-parser-algorithms": {
      "version": "4.0.0",
      "resolved": "https://registry.npmjs.org/@csstools/css-parser-algorithms/-/css-parser-algorithms-4.0.0.tgz",
      "integrity": "sha512-+B87qS7fIG3L5h3qwJ/IFbjoVoOe/bpOdh9hAjXbvx0o8ImEmUsGXN0inFOnk2ChCFgqkkGFQ+TpM5rbhkKe4w==",
      "dev": true,
      "funding": [
        {
          "type": "github",
          "url": "https://github.com/sponsors/csstools"
        },
        {
          "type": "opencollective",
          "url": "https://opencollective.com/csstools"
        }
      ],
      "license": "MIT",
      "engines": {
        "node": ">=20.19.0"
      },
      "peerDependencies": {
        "@csstools/css-tokenizer": "^4.0.0"
      }
    },
    "node_modules/@csstools/css-syntax-patches-for-csstree": {
      "version": "1.1.7",
      "resolved": "https://registry.npmjs.org/@csstools/css-syntax-patches-for-csstree/-/css-syntax-patches-for-csstree-1.1.7.tgz",
      "integrity": "sha512-fQ+05118eQS1cofO3aJpB5efgpBZMvIzwr/sbC8kDLVA5XLG8q1kJV5yzrUAI1f7lvhPnm8fgIjzFB8/O/5Dig==",
      "dev": true,
      "funding": [
        {
          "type": "github",
          "url": "https://github.com/sponsors/csstools"
        },
        {
          "type": "opencollective",
          "url": "https://opencollective.com/csstools"
        }
      ],
      "license": "MIT-0",
      "peerDependencies": {
        "css-tree": "^3.2.1"
      },
      "peerDependenciesMeta": {
        "css-tree": {
          "optional": true
        }
      }
    },
    "node_modules/@csstools/css-tokenizer": {
      "version": "4.0.0",
      "resolved": "https://registry.npmjs.org/@csstools/css-tokenizer/-/css-tokenizer-4.0.0.tgz",
      "integrity": "sha512-QxULHAm7cNu72w97JUNCBFODFaXpbDg+dP8b/oWFAZ2MTRppA3U00Y2L1HqaS4J6yBqxwa/Y3nMBaxVKbB/NsA==",
      "dev": true,
      "funding": [
        {
          "type": "github",
          "url": "https://github.com/sponsors/csstools"
        },
        {
          "type": "opencollective",
          "url": "https://opencollective.com/csstools"
        }
      ],
      "license": "MIT",
      "engines": {
        "node": ">=20.19.0"
      }
    },
    "node_modules/@emnapi/core": {
      "version": "2.0.0-alpha.3",
      "resolved": "https://registry.npmjs.org/@emnapi/core/-/core-2.0.0-alpha.3.tgz",
      "integrity": "sha512-AZypUeJ/yByuxyS7BlSNRDOMLMlROYtjYdIAuBmJssVz1UJDSeYxLrdizhXCFYhedC5bqd/ASy8EuNXbVVXp9g==",
      "dev": true,
      "license": "MIT",
      "optional": true,
      "dependencies": {
        "@emnapi/wasi-threads": "2.0.1",
        "tslib": "^2.4.0"
      }
    },
    "node_modules/@emnapi/runtime": {
      "version": "2.0.0-alpha.3",
      "resolved": "https://registry.npmjs.org/@emnapi/runtime/-/runtime-2.0.0-alpha.3.tgz",
      "integrity": "sha512-hFPAhMUjJD9BSyCANEISPOogeXC9Zo9ZQl7L6vKnaVsMkCtzznaW/naYypeyl0Gv5rYfWYsZbpixTMpjDJzQeA==",
      "dev": true,
      "license": "MIT",
      "optional": true,
      "dependencies": {
        "tslib": "^2.4.0"
      }
    },
    "node_modules/@emnapi/wasi-threads": {
      "version": "2.0.1",
      "resolved": "https://registry.npmjs.org/@emnapi/wasi-threads/-/wasi-threads-2.0.1.tgz",
      "integrity": "sha512-9DsSk+o5NBX0CCJT8s0EROGSGxjR/tKu6aBTaVyq+SjAEQH4XcdcRxPBRzsBLizTTJ49MJjF+jgu3qnO9GLQcQ==",
      "dev": true,
      "license": "MIT",
      "optional": true,
      "dependencies": {
        "tslib": "^2.4.0"
      }
    },
    "node_modules/@exodus/bytes": {
      "version": "1.15.1",
      "resolved": "https://registry.npmjs.org/@exodus/bytes/-/bytes-1.15.1.tgz",
      "integrity": "sha512-S6mL0yNB/Abt9Ei4tq8gDhcczc4S3+vQ4ra7vxnAf+YHC02srtqxKKZghx2Dq6p0e66THKwR6r8N6P95wEty7Q==",
      "dev": true,
      "license": "MIT",
      "engines": {
        "node": "^20.19.0 || ^22.12.0 || >=24.0.0"
      },
      "peerDependencies": {
        "@noble/hashes": "^1.8.0 || ^2.0.0"
      },
      "peerDependenciesMeta": {
        "@noble/hashes": {
          "optional": true
        }
      }
    },
    "node_modules/@fontsource-variable/geist": {
      "version": "5.3.0",
      "resolved": "https://registry.npmjs.org/@fontsource-variable/geist/-/geist-5.3.0.tgz",
      "integrity": "sha512-j0m+vLQuG5XAYoHtGCVu0spvlGreR3EzpECUVzkFmI1mTVnAO38l/NEPDCFgZ177JxzYJCLSmTQibIiYPilGrA==",
      "license": "OFL-1.1",
      "funding": {
        "url": "https://github.com/sponsors/ayuhito"
      }
    },
    "node_modules/@fontsource-variable/geist-mono": {
      "version": "5.3.0",
      "resolved": "https://registry.npmjs.org/@fontsource-variable/geist-mono/-/geist-mono-5.3.0.tgz",
      "integrity": "sha512-vBbuwDEo9AkrqADMXOrlAR3DFcJi4/JxeuU43FoiQERnNwsfXNnvxvReZG02cQKmyk4DZkZdBZX3oTDvy2zBAw==",
      "license": "OFL-1.1",
      "funding": {
        "url": "https://github.com/sponsors/ayuhito"
      }
    },
    "node_modules/@jridgewell/gen-mapping": {
      "version": "0.3.13",
      "resolved": "https://registry.npmjs.org/@jridgewell/gen-mapping/-/gen-mapping-0.3.13.tgz",
      "integrity": "sha512-2kkt/7niJ6MgEPxF0bYdQ6etZaA+fQvDcLKckhy1yIQOzaoKjBBjSj63/aLVjYE3qhRt5dvM+uUyfCg6UKCBbA==",
      "dev": true,
      "license": "MIT",
      "dependencies": {
        "@jridgewell/sourcemap-codec": "^1.5.0",
        "@jridgewell/trace-mapping": "^0.3.24"
      }
    },
    "node_modules/@jridgewell/remapping": {
      "version": "2.3.5",
      "resolved": "https://registry.npmjs.org/@jridgewell/remapping/-/remapping-2.3.5.tgz",
      "integrity": "sha512-LI9u/+laYG4Ds1TDKSJW2YPrIlcVYOwi2fUC6xB43lueCjgxV4lffOCZCtYFiH6TNOX+tQKXx97T4IKHbhyHEQ==",
      "dev": true,
      "license": "MIT",
      "dependencies": {
        "@jridgewell/gen-mapping": "^0.3.5",
        "@jridgewell/trace-mapping": "^0.3.24"
      }
    },
    "node_modules/@jridgewell/resolve-uri": {
      "version": "3.1.2",
      "resolved": "https://registry.npmjs.org/@jridgewell/resolve-uri/-/resolve-uri-3.1.2.tgz",
      "integrity": "sha512-bRISgCIjP20/tbWSPWMEi54QVPRZExkuD9lJL+UIxUKtwVJA8wW1Trb1jMs1RFXo1CBTNZ/5hpC9QvmKWdopKw==",
      "dev": true,
      "license": "MIT",
      "engines": {
        "node": ">=6.0.0"
      }
    },
    "node_modules/@jridgewell/sourcemap-codec": {
      "version": "1.5.5",
      "resolved": "https://registry.npmjs.org/@jridgewell/sourcemap-codec/-/sourcemap-codec-1.5.5.tgz",
      "integrity": "sha512-cYQ9310grqxueWbl+WuIUIaiUaDcj7WOq5fVhEljNVgRfOUhY9fy2zTvfoqWsnebh8Sl70VScFbICvJnLKB0Og==",
      "dev": true,
      "license": "MIT"
    },
    "node_modules/@jridgewell/trace-mapping": {
      "version": "0.3.31",
      "resolved": "https://registry.npmjs.org/@jridgewell/trace-mapping/-/trace-mapping-0.3.31.tgz",
      "integrity": "sha512-zzNR+SdQSDJzc8joaeP8QQoCQr8NuYx2dIIytl1QeBEZHJ9uW6hebsrYgbz8hJwUQao3TWCMtmfV8Nu1twOLAw==",
      "dev": true,
      "license": "MIT",
      "dependencies": {
        "@jridgewell/resolve-uri": "^3.1.0",
        "@jridgewell/sourcemap-codec": "^1.4.14"
      }
    },
    "node_modules/@napi-rs/wasm-runtime": {
      "version": "1.2.2",
      "resolved": "https://registry.npmjs.org/@napi-rs/wasm-runtime/-/wasm-runtime-1.2.2.tgz",
      "integrity": "sha512-JfB4kuJQjaoHuCTseIINHtHWeJnvgEcxjwA5t/Y00ZgaOO1Crz3fjT/p8kT28zA/Caz7oiUMn3d6H2yOVCVwuw==",
      "dev": true,
      "license": "MIT",
      "optional": true,
      "dependencies": {
        "@tybys/wasm-util": "^0.10.3"
      },
      "engines": {
        "node": "^20.19.0 || ^22.13.0 || >=23.5.0"
      },
      "funding": {
        "type": "github",
        "url": "https://github.com/sponsors/Brooooooklyn"
      },
      "peerDependencies": {
        "@emnapi/core": "^1.7.1 || ^2.0.0-alpha.3",
        "@emnapi/runtime": "^1.7.1 || ^2.0.0-alpha.3"
      }
    },
    "node_modules/@oxc-project/types": {
      "version": "0.142.0",
      "resolved": "https://registry.npmjs.org/@oxc-project/types/-/types-0.142.0.tgz",
      "integrity": "sha512-7RN8uOtEfNpzZzBMTzW9JBcX42oaSVtPzdF+6cEL8pqIL094iUpr9jzYGn4O4P/1S60dJ6izyT8F4LYARng==",
      "dev": true,
      "license": "MIT",
      "funding": {
        "url": "https://github.com/sponsors/Boshen"
      }
    }
  }
}
