{
  "name": "vidstow-frontend",
  "version": "0.0.0",
  "lockfileVersion": 3,
  "requires": true,
  "packages": {
    "": {
      "name": "vidstow-frontend",
      "version": "0.0.0",
      "dependencies": {
        "@fontsource-variable/geist": "^5.3.0",
        "@fontsource-variable/geist-mono": "^5.3.0"
      },
      "devDependencies": {
        "@sveltejs/vite-plugin-svelte": "^7.2.0",
        "@testing-library/jest-dom": "^7.0.1",
        "@testing-library/svelte": "^5.4.2",
        "@testing-library/user-event": "^14.6.3",
        "@tsconfig/svelte": "^5.0.4",
        "@types/node": "^26.2.0",
        "jsdom": "^29.1.1",
        "svelte": "^5.50.0",
        "svelte-check": "^4.4.0",
        "svelte-preprocess": "^6.0.3",
        "tslib": "^2.4.1",
        "typescript": "^5.6.3",
        "vite": "^8.0.0",
        "vitest": "^4.1.10"
      }
    },
    "node_modules/@adobe/css-tools": {
      "version": "4.5.0",
      "resolved": "https://registry.npmjs.org/@adobe/css-tools/-/css-tools-4.5.0.tgz",
      "integrity": "sha512-6OzddxPio9UiWTCemp4N8cYLV2ZN1ncRnV1cVGtve7dhPOtRkleRyx32GQCYSwDYgaHU3USMm84tNsvKzRCa1Q==",
      "dev": true,
      "license": "MIT"
    },
    "node_modules/@asamuzakjp/css-color": {
      "version": "5.1.11",
      "resolved": "https://registry.npmjs.org/@asamuzakjp/css-color/-/css-color-5.1.11.tgz",
      "integrity": "sha512-KVw6qIiCTUQhByfTd78h2yD1/00waTmm9uy/R7Ck/ctUyAPj+AEDLkQIdJW0T8+qGgj3j5bpNKK7Q3G+LedJWg==",
      "dev": true,
      "license": "MIT",
      "dependencies": {
        "@asamuzakjp/generational-cache": "^1.0.1",
        "@csstools/css-calc": "^3.2.0",
        "@csstools/css-color-parser": "^4.1.0",
        "@csstools/css-parser-algorithms": "^4.0.0",
        "@csstools/css-tokenizer": "^4.0.0"
      },
      "engines": {
        "node": "^20.19.0 || ^22.12.0 || >=24.0.0"
      }
    },
    "node_modules/@asamuzakjp/dom-selector": {
      "version": "7.1.1",
      "resolved": "https://registry.npmjs.org/@asamuzakjp/dom-selector/-/dom-selector-7.1.1.tgz",
      "integrity": "sha512-67RZDnYRc8H/8MLDgQCDE//zoqVFwajkepHZgmXrbwybzXOEwOWGPYGmALYl9J2DOLfFPPs6kKCqmbzV895hTQ==",
      "dev": true,
      "license": "MIT",
      "dependencies": {
        "@asamuzakjp/generational-cache": "^1.0.1",
        "@asamuzakjp/nwsapi": "^2.3.9",
        "bidi-js": "^1.0.3",
        "css-tree": "^3.2.1",
        "is-potential-custom-element-name": "^1.0.1"
      },
      "engines": {
        "node": "^20.19.0 || ^22.12.0 || >=24.0.0"
      }
    },
    "node_modules/@asamuzakjp/generational-cache": {
      "version": "1.0.1",
      "resolved": "https://registry.npmjs.org/@asamuzakjp/generational-cache/-/generational-cache-1.0.1.tgz",
      "integrity": "sha512-wajfB8KqzMCN2KGNFdLkReeHncd0AslUSrvHVvvYWuU8ghncRJoA50kT3zP9MVL0+9g4/67H+cdvBskj9THPzg==",
      "dev": true,
      "license": "MIT",
      "engines": {
        "node": "^20.19.0 || ^22.12.0 || >=24.0.0"
      }
    },
    "node_modules/@asamuzakjp/nwsapi": {
      "version": "2.3.9",
      "resolved": "https://registry.npmjs.org/@asamuzakjp/nwsapi/-/nwsapi-2.3.9.tgz",
      "integrity": "sha512-n8GuYSrI9bF7FFZ/SjhwevlHc8xaVlb/7HmHelnc/PZXBD2ZR49NnN9sMMuDdEGPeeRQ5d0hqlSlEpgCX3Wl0Q==",
      "dev": true,
      "license": "MIT"
    },
    "node_modules/@babel/code-frame": {
      "version": "7.29.7",
      "resolved": "https://registry.npmjs.org/@babel/code-frame/-/code-frame-7.29.7.tgz",
      "integrity": "sha512-Aup7aUOfpbAUg2ROOJN6Iw5f9DMBlzu0mIkm/malLQFN/YQgO48wCj0Kxa3sEHJvPVFg7siR+qRInwXd2qhQKw==",
      "dev": true,
      "license": "MIT",
      "dependencies": {
        "@babel/helper-validator-identifier": "^7.29.7",
        "js-tokens": "^4.0.0",
        "picocolors": "^1.1.1"
      },
      "engines": {
        "node": ">=6.9.0"
      }
    },
    "node_modules/@babel/helper-validator-identifier": {
      "version": "7.29.7",
      "resolved": "https://registry.npmjs.org/@babel/helper-validator-identifier/-/helper-validator-identifier-7.29.7.tgz",
      "integrity": "sha512-qehxGkRj55h/ff8EMaJ+cYhyaKlHIxqYDn682wQD7RNp9UujOQsHog2uS0r2vzr4pW+sXf90NeeayjcNaX3fFg==",
      "dev": true,
      "license": "MIT",
      "engines": {
        "node": ">=6.9.0"
      }
    },
    "node_modules/@babel/runtime": {
      "version": "7.29.7",
      "resolved": "https://registry.npmjs.org/@babel/runtime/-/runtime-7.29.7.tgz",
      "integrity": "sha512-Nq8OhGWiZIZGV6hLHoyAKLLcJihP/xFeBMGJoUrxTX2psI8dCifzLhZISFb+VWS3wFMRDmCGw5R+dOySCqPLhw==",
      "dev": true,
      "license": "MIT",
      "engines": {
        "node": ">=6.9.0"
      }
    },
    "node_modules/@bramus/specificity": {
      "version": "2.4.2",
      "resolved": "https://registry.npmjs.org/@bramus/specificity/-/specificity-2.4.2.tgz",
      "integrity": "sha512-ctxtJ/eA+t+6q2++vj5j7FYX3nRu311q1wfYH3xjlLOsczhlhxAg2FWNUXhpGvAw3BWo1xBcvOV6/YLc2r5FJw==",
      "dev": true,
      "license": "MIT",
      "dependencies": {
        "css-tree": "^3.0.0"
      },
      "bin": {
        "specificity": "bin/cli.js"
      }
    },
    "node_modules/@csstools/color-helpers": {
      "version": "6.1.0",
      "resolved": "https://registry.npmjs.org/@csstools/color-helpers/-/color-helpers-6.1.0.tgz",
      "integrity": "sha512-064IFJdjTfUqnjpCVpMOdbr8FLQBhinbZj6yRv2An2E41O/pLEXqfFRWqGq/SxlE5PEUYTlvWsG2r8MswAVvkg==",
      "dev": true,
      "license": "MIT-0"
    },
    "node_modules/@fontsource-variable/geist": {
      "version": "5.3.0",
      "resolved": "https://registry.npmjs.org/@fontsource-variable/geist/-/geist-5.3.0.tgz",
      "integrity": "sha512-j0m+vLQuG5XAYoHtGCVu0spvlGreR3EzpECUVzkFmI1mTVnAO38l/NEPDCFgZ177JxzYJCLSmTQibIiYPilGrA==",
      "license": "OFL-1.1"
    },
    "node_modules/@fontsource-variable/geist-mono": {
      "version": "5.3.0",
      "resolved": "https://registry.npmjs.org/@fontsource-variable/geist-mono/-/geist-mono-5.3.0.tgz",
      "integrity": "sha512-vBbuwDEo9AkrqADMXOrlAR3DFcJi4/JxeuU43FoiQERnNwsfXNnvxvReZG02cQKmyk4DZkZdBZX3oTDvy2zBAw==",
      "license": "OFL-1.1"
    },
    "node_modules/zimmerframe": {
      "version": "1.1.4",
      "resolved": "https://registry.npmjs.org/zimmerframe/-/zimmerframe-1.1.4.tgz",
      "integrity": "sha512-B58NGBEoc8Y9MWWCQGl/gq9xBCe4IiKM0a2x7GZdQKOW5Exr8S1W24J6OgM1njK8xCRGvAJIL/MxXHf6SkmQKQ==",
      "dev": true,
      "license": "MIT"
    }
  }
}
